
Microsoft Visual Studio Solution File, Format Version 12.00
# Visual Studio 2012
Project("{FAE04EC0-301F-11D3-BF4B-00C04F79EFBC}") = "BCZM-1", "BCZM-1\BCZM-1.csproj", "{ED0CB5F2-6DDF-4955-831C-AD2D6BA3E8C3}"
EndProject
Global
	GlobalSection(SolutionConfigurationPlatforms) = preSolution
		Debug|x86 = Debug|x86
		Release|x86 = Release|x86
	EndGlobalSection
	GlobalSection(ProjectConfigurationPlatforms) = postSolution
		{ED0CB5F2-6DDF-4955-831C-AD2D6BA3E8C3}.Debug|x86.ActiveCfg = Debug|x86
		{ED0CB5F2-6DDF-4955-831C-AD2D6BA3E8C3}.Debug|x86.Build.0 = Debug|x86
		{ED0CB5F2-6DDF-4955-831C-AD2D6BA3E8C3}.Release|x86.ActiveCfg = Release|x86
		{ED0CB5F2-6DDF-4955-831C-AD2D6BA3E8C3}.Release|x86.Build.0 = Release|x86
	EndGlobalSection
EndGlobal
